
Microsoft Visual Studio Solution File, Format Version 12.00
# Visual Studio Version 17
VisualStudioVersion = 17.9.34728.123
MinimumVisualStudioVersion = 10.0.40219.1
Project("{FAE04EC0-301F-11D3-BF4B-00C04F79EFBC}") = "IncidentManagementSystem", "IncidentManagementSystem\IncidentManagementSystem.csproj", "{1B131702-5279-486A-BE57-E3CF77EA2C65}"
	ProjectSection(ProjectDependencies) = postProject
		{446D8D4C-71B8-47A1-A4BD-42CC7F538AD5} = {446D8D4C-71B8-47A1-A4BD-42CC7F538AD5}
		{892E768E-F0E4-42B2-A022-1115DBA33479} = {892E768E-F0E4-42B2-A022-1115DBA33479}
		{F95C39DE-3737-46D4-AD28-91F4DA7782B2} = {F95C39DE-3737-46D4-AD28-91F4DA7782B2}
	EndProjectSection
EndProject
Project("{FAE04EC0-301F-11D3-BF4B-00C04F79EFBC}") = "IncidentManagementSystem.DataAccess", "IncidentManagementSystem.DataAccess\IncidentManagementSystem.DataAccess.csproj", "{446D8D4C-71B8-47A1-A4BD-42CC7F538AD5}"
EndProject
Project("{FAE04EC0-301F-11D3-BF4B-00C04F79EFBC}") = "IncidentManagementSystem.Model", "IncidentManagementSystem.Model\IncidentManagementSystem.Model.csproj", "{F95C39DE-3737-46D4-AD28-91F4DA7782B2}"
EndProject
Project("{FAE04EC0-301F-11D3-BF4B-00C04F79EFBC}") = "IncidentManagementSystem.Service", "IncidentManagementSystem.Service\IncidentManagementSystem.Service.csproj", "{892E768E-F0E4-42B2-A022-1115DBA33479}"
EndProject
Global
	GlobalSection(SolutionConfigurationPlatforms) = preSolution
		Debug|Any CPU = Debug|Any CPU
		Release|Any CPU = Release|Any CPU
	EndGlobalSection
	GlobalSection(ProjectConfigurationPlatforms) = postSolution
		{1B131702-5279-486A-BE57-E3CF77EA2C65}.Debug|Any CPU.ActiveCfg = Debug|Any CPU
		{1B131702-5279-486A-BE57-E3CF77EA2C65}.Debug|Any CPU.Build.0 = Debug|Any CPU
		{1B131702-5279-486A-BE57-E3CF77EA2C65}.Release|Any CPU.ActiveCfg = Release|Any CPU
		{1B131702-5279-486A-BE57-E3CF77EA2C65}.Release|Any CPU.Build.0 = Release|Any CPU
		{92D42E8A-8388-469C-84B5-A312895D7E79}.Debug|Any CPU.ActiveCfg = Debug|Any CPU
		{92D42E8A-8388-469C-84B5-A312895D7E79}.Debug|Any CPU.Build.0 = Debug|Any CPU
		{92D42E8A-8388-469C-84B5-A312895D7E79}.Release|Any CPU.ActiveCfg = Release|Any CPU
		{92D42E8A-8388-469C-84B5-A312895D7E79}.Release|Any CPU.Build.0 = Release|Any CPU
		{87FC471B-E61B-42FB-A232-5CB94F9A37AA}.Debug|Any CPU.ActiveCfg = Debug|Any CPU
		{87FC471B-E61B-42FB-A232-5CB94F9A37AA}.Debug|Any CPU.Build.0 = Debug|Any CPU
		{87FC471B-E61B-42FB-A232-5CB94F9A37AA}.Release|Any CPU.ActiveCfg = Release|Any CPU
		{87FC471B-E61B-42FB-A232-5CB94F9A37AA}.Release|Any CPU.Build.0 = Release|Any CPU
		{F2E3CACC-7B72-4E23-B729-7D2F7366A7B7}.Debug|Any CPU.ActiveCfg = Debug|Any CPU
		{F2E3CACC-7B72-4E23-B729-7D2F7366A7B7}.Debug|Any CPU.Build.0 = Debug|Any CPU
		{F2E3CACC-7B72-4E23-B729-7D2F7366A7B7}.Release|Any CPU.ActiveCfg = Release|Any CPU
		{F2E3CACC-7B72-4E23-B729-7D2F7366A7B7}.Release|Any CPU.Build.0 = Release|Any CPU
	EndGlobalSection
	GlobalSection(SolutionProperties) = preSolution
		HideSolutionNode = FALSE
	EndGlobalSection
	GlobalSection(ExtensibilityGlobals) = postSolution
		SolutionGuid = {0B387FBF-3D64-4AA5-9FB4-962526EFEFD0}
	EndGlobalSection
EndGlobal
